<?xml version="1.0" encoding="utf-8"?>
<Project ToolsVersion="4.0" xmlns="http://schemas.microsoft.com/developer/msbuild/2003">
  <ItemGroup>
    <ClCompile Include="main.cpp" />
    <ClCompile Include="Rational.cpp" />
    <ClCompile Include="SupportFunctions.cpp" />
  </ItemGroup>
  <ItemGroup>
    <ClInclude Include="Rational.h" />
    <ClInclude Include="RationalTemplated.h" />
    <ClInclude Include="SupportFunctions.h" />
  </ItemGroup>
</Project>