
Microsoft Visual Studio Solution File, Format Version 12.00
# Visual Studio 15
VisualStudioVersion = 15.0.28307.102
MinimumVisualStudioVersion = 10.0.40219.1
Project("{8BC9CEB8-8B4A-11D0-8D11-00A0C91BC942}") = "EventSystem", "SmallExercises\SmallExercises.vcxproj", "{F1182475-3F6B-4AB0-B736-5C02632429A7}"
EndProject
Project("{8BC9CEB8-8B4A-11D0-8D11-00A0C91BC942}") = "PimplIdiom", "Project1\Project1.vcxproj", "{65C6596B-D0FB-4430-8265-831922D801D9}"
EndProject
Project("{8BC9CEB8-8B4A-11D0-8D11-00A0C91BC942}") = "ImplicitTypeConversions", "ImplicitTypeConversions\ImplicitTypeConversions.vcxproj", "{DA22CB6C-7A5B-4964-B7C9-15AE9A26BCC1}"
EndProject
Project("{8BC9CEB8-8B4A-11D0-8D11-00A0C91BC942}") = "Traits", "Traits\Traits.vcxproj", "{07E591F1-4E31-425D-93C9-11A6EBC6A324}"
EndProject
Project("{8BC9CEB8-8B4A-11D0-8D11-00A0C91BC942}") = "Inheritance", "Inheritance\Inheritance.vcxproj", "{858989C2-8962-4A6B-A1D5-CCE2F4C1D6F8}"
EndProject
Project("{8BC9CEB8-8B4A-11D0-8D11-00A0C91BC942}") = "TMP-Factorial", "TMP-Factorial\TMP-Factorial.vcxproj", "{A1E2CED5-6392-4B5F-8EAA-D6F8B91D3F92}"
EndProject
Project("{8BC9CEB8-8B4A-11D0-8D11-00A0C91BC942}") = "New-Handlers", "New-Handlers\New-Handlers.vcxproj", "{A36CFF0B-3EE7-4A50-8341-77A2CC68B899}"
EndProject
Global
	GlobalSection(SolutionConfigurationPlatforms) = preSolution
		Debug|x64 = Debug|x64
		Debug|x86 = Debug|x86
		Release|x64 = Release|x64
		Release|x86 = Release|x86
	EndGlobalSection
	GlobalSection(ProjectConfigurationPlatforms) = postSolution
		{F1182475-3F6B-4AB0-B736-5C02632429A7}.Debug|x64.ActiveCfg = Debug|x64
		{F1182475-3F6B-4AB0-B736-5C02632429A7}.Debug|x64.Build.0 = Debug|x64
		{F1182475-3F6B-4AB0-B736-5C02632429A7}.Debug|x86.ActiveCfg = Debug|Win32
		{F1182475-3F6B-4AB0-B736-5C02632429A7}.Debug|x86.Build.0 = Debug|Win32
		{F1182475-3F6B-4AB0-B736-5C02632429A7}.Release|x64.ActiveCfg = Release|x64
		{F1182475-3F6B-4AB0-B736-5C02632429A7}.Release|x64.Build.0 = Release|x64
		{F1182475-3F6B-4AB0-B736-5C02632429A7}.Release|x86.ActiveCfg = Release|Win32
		{F1182475-3F6B-4AB0-B736-5C02632429A7}.Release|x86.Build.0 = Release|Win32
		{65C6596B-D0FB-4430-8265-831922D801D9}.Debug|x64.ActiveCfg = Debug|x64
		{65C6596B-D0FB-4430-8265-831922D801D9}.Debug|x64.Build.0 = Debug|x64
		{65C6596B-D0FB-4430-8265-831922D801D9}.Debug|x86.ActiveCfg = Debug|Win32
		{65C6596B-D0FB-4430-8265-831922D801D9}.Debug|x86.Build.0 = Debug|Win32
		{65C6596B-D0FB-4430-8265-831922D801D9}.Release|x64.ActiveCfg = Release|x64
		{65C6596B-D0FB-4430-8265-831922D801D9}.Release|x64.Build.0 = Release|x64
		{65C6596B-D0FB-4430-8265-831922D801D9}.Release|x86.ActiveCfg = Release|Win32
		{65C6596B-D0FB-4430-8265-831922D801D9}.Release|x86.Build.0 = Release|Win32
		{DA22CB6C-7A5B-4964-B7C9-15AE9A26BCC1}.Debug|x64.ActiveCfg = Debug|x64
		{DA22CB6C-7A5B-4964-B7C9-15AE9A26BCC1}.Debug|x64.Build.0 = Debug|x64
		{DA22CB6C-7A5B-4964-B7C9-15AE9A26BCC1}.Debug|x86.ActiveCfg = Debug|Win32
		{DA22CB6C-7A5B-4964-B7C9-15AE9A26BCC1}.Debug|x86.Build.0 = Debug|Win32
		{DA22CB6C-7A5B-4964-B7C9-15AE9A26BCC1}.Release|x64.ActiveCfg = Release|x64
		{DA22CB6C-7A5B-4964-B7C9-15AE9A26BCC1}.Release|x64.Build.0 = Release|x64
		{DA22CB6C-7A5B-4964-B7C9-15AE9A26BCC1}.Release|x86.ActiveCfg = Release|Win32
		{DA22CB6C-7A5B-4964-B7C9-15AE9A26BCC1}.Release|x86.Build.0 = Release|Win32
		{07E591F1-4E31-425D-93C9-11A6EBC6A324}.Debug|x64.ActiveCfg = Debug|x64
		{07E591F1-4E31-425D-93C9-11A6EBC6A324}.Debug|x64.Build.0 = Debug|x64
		{07E591F1-4E31-425D-93C9-11A6EBC6A324}.Debug|x86.ActiveCfg = Debug|Win32
		{07E591F1-4E31-425D-93C9-11A6EBC6A324}.Debug|x86.Build.0 = Debug|Win32
		{07E591F1-4E31-425D-93C9-11A6EBC6A324}.Release|x64.ActiveCfg = Release|x64
		{07E591F1-4E31-425D-93C9-11A6EBC6A324}.Release|x64.Build.0 = Release|x64
		{07E591F1-4E31-425D-93C9-11A6EBC6A324}.Release|x86.ActiveCfg = Release|Win32
		{07E591F1-4E31-425D-93C9-11A6EBC6A324}.Release|x86.Build.0 = Release|Win32
		{858989C2-8962-4A6B-A1D5-CCE2F4C1D6F8}.Debug|x64.ActiveCfg = Debug|x64
		{858989C2-8962-4A6B-A1D5-CCE2F4C1D6F8}.Debug|x64.Build.0 = Debug|x64
		{858989C2-8962-4A6B-A1D5-CCE2F4C1D6F8}.Debug|x86.ActiveCfg = Debug|Win32
		{858989C2-8962-4A6B-A1D5-CCE2F4C1D6F8}.Debug|x86.Build.0 = Debug|Win32
		{858989C2-8962-4A6B-A1D5-CCE2F4C1D6F8}.Release|x64.ActiveCfg = Release|x64
		{858989C2-8962-4A6B-A1D5-CCE2F4C1D6F8}.Release|x64.Build.0 = Release|x64
		{858989C2-8962-4A6B-A1D5-CCE2F4C1D6F8}.Release|x86.ActiveCfg = Release|Win32
		{858989C2-8962-4A6B-A1D5-CCE2F4C1D6F8}.Release|x86.Build.0 = Release|Win32
		{A1E2CED5-6392-4B5F-8EAA-D6F8B91D3F92}.Debug|x64.ActiveCfg = Debug|x64
		{A1E2CED5-6392-4B5F-8EAA-D6F8B91D3F92}.Debug|x64.Build.0 = Debug|x64
		{A1E2CED5-6392-4B5F-8EAA-D6F8B91D3F92}.Debug|x86.ActiveCfg = Debug|Win32
		{A1E2CED5-6392-4B5F-8EAA-D6F8B91D3F92}.Debug|x86.Build.0 = Debug|Win32
		{A1E2CED5-6392-4B5F-8EAA-D6F8B91D3F92}.Release|x64.ActiveCfg = Release|x64
		{A1E2CED5-6392-4B5F-8EAA-D6F8B91D3F92}.Release|x64.Build.0 = Release|x64
		{A1E2CED5-6392-4B5F-8EAA-D6F8B91D3F92}.Release|x86.ActiveCfg = Release|Win32
		{A1E2CED5-6392-4B5F-8EAA-D6F8B91D3F92}.Release|x86.Build.0 = Release|Win32
		{A36CFF0B-3EE7-4A50-8341-77A2CC68B899}.Debug|x64.ActiveCfg = Debug|x64
		{A36CFF0B-3EE7-4A50-8341-77A2CC68B899}.Debug|x64.Build.0 = Debug|x64
		{A36CFF0B-3EE7-4A50-8341-77A2CC68B899}.Debug|x86.ActiveCfg = Debug|Win32
		{A36CFF0B-3EE7-4A50-8341-77A2CC68B899}.Debug|x86.Build.0 = Debug|Win32
		{A36CFF0B-3EE7-4A50-8341-77A2CC68B899}.Release|x64.ActiveCfg = Release|x64
		{A36CFF0B-3EE7-4A50-8341-77A2CC68B899}.Release|x64.Build.0 = Release|x64
		{A36CFF0B-3EE7-4A50-8341-77A2CC68B899}.Release|x86.ActiveCfg = Release|Win32
		{A36CFF0B-3EE7-4A50-8341-77A2CC68B899}.Release|x86.Build.0 = Release|Win32
	EndGlobalSection
	GlobalSection(SolutionProperties) = preSolution
		HideSolutionNode = FALSE
	EndGlobalSection
	GlobalSection(ExtensibilityGlobals) = postSolution
		SolutionGuid = {71FC8EC6-891A-4B68-944F-FA5659FEA82F}
	EndGlobalSection
EndGlobal
